
Microsoft Visual Studio Solution File, Format Version 12.00
# Visual Studio Version 16
VisualStudioVersion = 16.0.30011.22
MinimumVisualStudioVersion = 10.0.40219.1
Project("{FAE04EC0-301F-11D3-BF4B-00C04F79EFBC}") = "WebinairApp.UWP", "WebinairApp\WebinairApp.UWP\WebinairApp.UWP.csproj", "{9D4DA82A-2DF7-44A3-9BB4-B1A5DB430EB4}"
EndProject
Project("{FAE04EC0-301F-11D3-BF4B-00C04F79EFBC}") = "WebinairApp.Android", "WebinairApp\WebinairApp.Android\WebinairApp.Android.csproj", "{A876DF2E-1C2A-4AEF-8392-B5B657249CE9}"
EndProject
Project("{FAE04EC0-301F-11D3-BF4B-00C04F79EFBC}") = "WebinairApp.iOS", "WebinairApp\WebinairApp.iOS\WebinairApp.iOS.csproj", "{60D40693-20F8-4FA8-8CD8-E491C7A5B384}"
EndProject
Project("{FAE04EC0-301F-11D3-BF4B-00C04F79EFBC}") = "WebinairApp", "WebinairApp\WebinairApp\WebinairApp.csproj", "{105E7258-503E-4429-883F-CC79E8E0378F}"
EndProject
Global
	GlobalSection(SolutionConfigurationPlatforms) = preSolution
		Debug|Any CPU = Debug|Any CPU
		Debug|ARM = Debug|ARM
		Debug|iPhone = Debug|iPhone
		Debug|iPhoneSimulator = Debug|iPhoneSimulator
		Debug|x64 = Debug|x64
		Debug|x86 = Debug|x86
		Release|Any CPU = Release|Any CPU
		Release|ARM = Release|ARM
		Release|iPhone = Release|iPhone
		Release|iPhoneSimulator = Release|iPhoneSimulator
		Release|x64 = Release|x64
		Release|x86 = Release|x86
	EndGlobalSection
	GlobalSection(ProjectConfigurationPlatforms) = postSolution
		{9D4DA82A-2DF7-44A3-9BB4-B1A5DB430EB4}.Debug|Any CPU.ActiveCfg = Debug|x86
		{9D4DA82A-2DF7-44A3-9BB4-B1A5DB430EB4}.Debug|Any CPU.Build.0 = Debug|x86
		{9D4DA82A-2DF7-44A3-9BB4-B1A5DB430EB4}.Debug|Any CPU.Deploy.0 = Debug|x86
		{9D4DA82A-2DF7-44A3-9BB4-B1A5DB430EB4}.Debug|ARM.ActiveCfg = Debug|ARM
		{9D4DA82A-2DF7-44A3-9BB4-B1A5DB430EB4}.Debug|ARM.Build.0 = Debug|ARM
		{9D4DA82A-2DF7-44A3-9BB4-B1A5DB430EB4}.Debug|ARM.Deploy.0 = Debug|ARM
		{9D4DA82A-2DF7-44A3-9BB4-B1A5DB430EB4}.Debug|iPhone.ActiveCfg = Debug|x86
		{9D4DA82A-2DF7-44A3-9BB4-B1A5DB430EB4}.Debug|iPhone.Build.0 = Debug|x86
		{9D4DA82A-2DF7-44A3-9BB4-B1A5DB430EB4}.Debug|iPhone.Deploy.0 = Debug|x86
		{9D4DA82A-2DF7-44A3-9BB4-B1A5DB430EB4}.Debug|iPhoneSimulator.ActiveCfg = Debug|x86
		{9D4DA82A-2DF7-44A3-9BB4-B1A5DB430EB4}.Debug|iPhoneSimulator.Build.0 = Debug|x86
		{9D4DA82A-2DF7-44A3-9BB4-B1A5DB430EB4}.Debug|iPhoneSimulator.Deploy.0 = Debug|x86
		{9D4DA82A-2DF7-44A3-9BB4-B1A5DB430EB4}.Debug|x64.ActiveCfg = Debug|x64
		{9D4DA82A-2DF7-44A3-9BB4-B1A5DB430EB4}.Debug|x64.Build.0 = Debug|x64
		{9D4DA82A-2DF7-44A3-9BB4-B1A5DB430EB4}.Debug|x64.Deploy.0 = Debug|x64
		{9D4DA82A-2DF7-44A3-9BB4-B1A5DB430EB4}.Debug|x86.ActiveCfg = Debug|x86
		{9D4DA82A-2DF7-44A3-9BB4-B1A5DB430EB4}.Debug|x86.Build.0 = Debug|x86
		{9D4DA82A-2DF7-44A3-9BB4-B1A5DB430EB4}.Debug|x86.Deploy.0 = Debug|x86
		{9D4DA82A-2DF7-44A3-9BB4-B1A5DB430EB4}.Release|Any CPU.ActiveCfg = Release|x86
		{9D4DA82A-2DF7-44A3-9BB4-B1A5DB430EB4}.Release|Any CPU.Build.0 = Release|x86
		{9D4DA82A-2DF7-44A3-9BB4-B1A5DB430EB4}.Release|Any CPU.Deploy.0 = Release|x86
		{9D4DA82A-2DF7-44A3-9BB4-B1A5DB430EB4}.Release|ARM.ActiveCfg = Release|ARM
		{9D4DA82A-2DF7-44A3-9BB4-B1A5DB430EB4}.Release|ARM.Build.0 = Release|ARM
		{9D4DA82A-2DF7-44A3-9BB4-B1A5DB430EB4}.Release|ARM.Deploy.0 = Release|ARM
		{9D4DA82A-2DF7-44A3-9BB4-B1A5DB430EB4}.Release|iPhone.ActiveCfg = Release|x86
		{9D4DA82A-2DF7-44A3-9BB4-B1A5DB430EB4}.Release|iPhone.Build.0 = Release|x86
		{9D4DA82A-2DF7-44A3-9BB4-B1A5DB430EB4}.Release|iPhone.Deploy.0 = Release|x86
		{9D4DA82A-2DF7-44A3-9BB4-B1A5DB430EB4}.Release|iPhoneSimulator.ActiveCfg = Release|x86
		{9D4DA82A-2DF7-44A3-9BB4-B1A5DB430EB4}.Release|iPhoneSimulator.Build.0 = Release|x86
		{9D4DA82A-2DF7-44A3-9BB4-B1A5DB430EB4}.Release|iPhoneSimulator.Deploy.0 = Release|x86
		{9D4DA82A-2DF7-44A3-9BB4-B1A5DB430EB4}.Release|x64.ActiveCfg = Release|x64
		{9D4DA82A-2DF7-44A3-9BB4-B1A5DB430EB4}.Release|x64.Build.0 = Release|x64
		{9D4DA82A-2DF7-44A3-9BB4-B1A5DB430EB4}.Release|x64.Deploy.0 = Release|x64
		{9D4DA82A-2DF7-44A3-9BB4-B1A5DB430EB4}.Release|x86.ActiveCfg = Release|x86
		{9D4DA82A-2DF7-44A3-9BB4-B1A5DB430EB4}.Release|x86.Build.0 = Release|x86
		{9D4DA82A-2DF7-44A3-9BB4-B1A5DB430EB4}.Release|x86.Deploy.0 = Release|x86
		{A876DF2E-1C2A-4AEF-8392-B5B657249CE9}.Debug|Any CPU.ActiveCfg = Debug|Any CPU
		{A876DF2E-1C2A-4AEF-8392-B5B657249CE9}.Debug|Any CPU.Build.0 = Debug|Any CPU
		{A876DF2E-1C2A-4AEF-8392-B5B657249CE9}.Debug|Any CPU.Deploy.0 = Debug|Any CPU
		{A876DF2E-1C2A-4AEF-8392-B5B657249CE9}.Debug|ARM.ActiveCfg = Debug|Any CPU
		{A876DF2E-1C2A-4AEF-8392-B5B657249CE9}.Debug|ARM.Build.0 = Debug|Any CPU
		{A876DF2E-1C2A-4AEF-8392-B5B657249CE9}.Debug|ARM.Deploy.0 = Debug|Any CPU
		{A876DF2E-1C2A-4AEF-8392-B5B657249CE9}.Debug|iPhone.ActiveCfg = Debug|Any CPU
		{A876DF2E-1C2A-4AEF-8392-B5B657249CE9}.Debug|iPhone.Build.0 = Debug|Any CPU
		{A876DF2E-1C2A-4AEF-8392-B5B657249CE9}.Debug|iPhone.Deploy.0 = Debug|Any CPU
		{A876DF2E-1C2A-4AEF-8392-B5B657249CE9}.Debug|iPhoneSimulator.ActiveCfg = Debug|Any CPU
		{A876DF2E-1C2A-4AEF-8392-B5B657249CE9}.Debug|iPhoneSimulator.Build.0 = Debug|Any CPU
		{A876DF2E-1C2A-4AEF-8392-B5B657249CE9}.Debug|iPhoneSimulator.Deploy.0 = Debug|Any CPU
		{A876DF2E-1C2A-4AEF-8392-B5B657249CE9}.Debug|x64.ActiveCfg = Debug|Any CPU
		{A876DF2E-1C2A-4AEF-8392-B5B657249CE9}.Debug|x64.Build.0 = Debug|Any CPU
		{A876DF2E-1C2A-4AEF-8392-B5B657249CE9}.Debug|x64.Deploy.0 = Debug|Any CPU
		{A876DF2E-1C2A-4AEF-8392-B5B657249CE9}.Debug|x86.ActiveCfg = Debug|Any CPU
		{A876DF2E-1C2A-4AEF-8392-B5B657249CE9}.Debug|x86.Build.0 = Debug|Any CPU
		{A876DF2E-1C2A-4AEF-8392-B5B657249CE9}.Debug|x86.Deploy.0 = Debug|Any CPU
		{A876DF2E-1C2A-4AEF-8392-B5B657249CE9}.Release|Any CPU.ActiveCfg = Release|Any CPU
		{A876DF2E-1C2A-4AEF-8392-B5B657249CE9}.Release|Any CPU.Build.0 = Release|Any CPU
		{A876DF2E-1C2A-4AEF-8392-B5B657249CE9}.Release|Any CPU.Deploy.0 = Release|Any CPU
		{A876DF2E-1C2A-4AEF-8392-B5B657249CE9}.Release|ARM.ActiveCfg = Release|Any CPU
		{A876DF2E-1C2A-4AEF-8392-B5B657249CE9}.Release|ARM.Build.0 = Release|Any CPU
		{A876DF2E-1C2A-4AEF-8392-B5B657249CE9}.Release|ARM.Deploy.0 = Release|Any CPU
		{A876DF2E-1C2A-4AEF-8392-B5B657249CE9}.Release|iPhone.ActiveCfg = Release|Any CPU
		{A876DF2E-1C2A-4AEF-8392-B5B657249CE9}.Release|iPhone.Build.0 = Release|Any CPU
		{A876DF2E-1C2A-4AEF-8392-B5B657249CE9}.Release|iPhone.Deploy.0 = Release|Any CPU
		{A876DF2E-1C2A-4AEF-8392-B5B657249CE9}.Release|iPhoneSimulator.ActiveCfg = Release|Any CPU
		{A876DF2E-1C2A-4AEF-8392-B5B657249CE9}.Release|iPhoneSimulator.Build.0 = Release|Any CPU
		{A876DF2E-1C2A-4AEF-8392-B5B657249CE9}.Release|iPhoneSimulator.Deploy.0 = Release|Any CPU
		{A876DF2E-1C2A-4AEF-8392-B5B657249CE9}.Release|x64.ActiveCfg = Release|Any CPU
		{A876DF2E-1C2A-4AEF-8392-B5B657249CE9}.Release|x64.Build.0 = Release|Any CPU
		{A876DF2E-1C2A-4AEF-8392-B5B657249CE9}.Release|x64.Deploy.0 = Release|Any CPU
		{A876DF2E-1C2A-4AEF-8392-B5B657249CE9}.Release|x86.ActiveCfg = Release|Any CPU
		{A876DF2E-1C2A-4AEF-8392-B5B657249CE9}.Release|x86.Build.0 = Release|Any CPU
		{A876DF2E-1C2A-4AEF-8392-B5B657249CE9}.Release|x86.Deploy.0 = Release|Any CPU
		{60D40693-20F8-4FA8-8CD8-E491C7A5B384}.Debug|Any CPU.ActiveCfg = Debug|iPhone
		{60D40693-20F8-4FA8-8CD8-E491C7A5B384}.Debug|Any CPU.Build.0 = Debug|iPhone
		{60D40693-20F8-4FA8-8CD8-E491C7A5B384}.Debug|Any CPU.Deploy.0 = Debug|iPhone
		{60D40693-20F8-4FA8-8CD8-E491C7A5B384}.Debug|ARM.ActiveCfg = Debug|iPhone
		{60D40693-20F8-4FA8-8CD8-E491C7A5B384}.Debug|ARM.Build.0 = Debug|iPhone
		{60D40693-20F8-4FA8-8CD8-E491C7A5B384}.Debug|ARM.Deploy.0 = Debug|iPhone
		{60D40693-20F8-4FA8-8CD8-E491C7A5B384}.Debug|iPhone.ActiveCfg = Debug|iPhone
		{60D40693-20F8-4FA8-8CD8-E491C7A5B384}.Debug|iPhone.Build.0 = Debug|iPhone
		{60D40693-20F8-4FA8-8CD8-E491C7A5B384}.Debug|iPhone.Deploy.0 = Debug|iPhone
		{60D40693-20F8-4FA8-8CD8-E491C7A5B384}.Debug|iPhoneSimulator.ActiveCfg = Debug|iPhoneSimulator
		{60D40693-20F8-4FA8-8CD8-E491C7A5B384}.Debug|iPhoneSimulator.Build.0 = Debug|iPhoneSimulator
		{60D40693-20F8-4FA8-8CD8-E491C7A5B384}.Debug|iPhoneSimulator.Deploy.0 = Debug|iPhoneSimulator
		{60D40693-20F8-4FA8-8CD8-E491C7A5B384}.Debug|x64.ActiveCfg = Debug|iPhone
		{60D40693-20F8-4FA8-8CD8-E491C7A5B384}.Debug|x64.Build.0 = Debug|iPhone
		{60D40693-20F8-4FA8-8CD8-E491C7A5B384}.Debug|x64.Deploy.0 = Debug|iPhone
		{60D40693-20F8-4FA8-8CD8-E491C7A5B384}.Debug|x86.ActiveCfg = Debug|iPhone
		{60D40693-20F8-4FA8-8CD8-E491C7A5B384}.Debug|x86.Build.0 = Debug|iPhone
		{60D40693-20F8-4FA8-8CD8-E491C7A5B384}.Debug|x86.Deploy.0 = Debug|iPhone
		{60D40693-20F8-4FA8-8CD8-E491C7A5B384}.Release|Any CPU.ActiveCfg = Release|iPhone
		{60D40693-20F8-4FA8-8CD8-E491C7A5B384}.Release|Any CPU.Build.0 = Release|iPhone
		{60D40693-20F8-4FA8-8CD8-E491C7A5B384}.Release|Any CPU.Deploy.0 = Release|iPhone
		{60D40693-20F8-4FA8-8CD8-E491C7A5B384}.Release|ARM.ActiveCfg = Release|iPhone
		{60D40693-20F8-4FA8-8CD8-E491C7A5B384}.Release|ARM.Build.0 = Release|iPhone
		{60D40693-20F8-4FA8-8CD8-E491C7A5B384}.Release|ARM.Deploy.0 = Release|iPhone
		{60D40693-20F8-4FA8-8CD8-E491C7A5B384}.Release|iPhone.ActiveCfg = Release|iPhone
		{60D40693-20F8-4FA8-8CD8-E491C7A5B384}.Release|iPhone.Build.0 = Release|iPhone
		{60D40693-20F8-4FA8-8CD8-E491C7A5B384}.Release|iPhone.Deploy.0 = Release|iPhone
		{60D40693-20F8-4FA8-8CD8-E491C7A5B384}.Release|iPhoneSimulator.ActiveCfg = Release|iPhoneSimulator
		{60D40693-20F8-4FA8-8CD8-E491C7A5B384}.Release|iPhoneSimulator.Build.0 = Release|iPhoneSimulator
		{60D40693-20F8-4FA8-8CD8-E491C7A5B384}.Release|iPhoneSimulator.Deploy.0 = Release|iPhoneSimulator
		{60D40693-20F8-4FA8-8CD8-E491C7A5B384}.Release|x64.ActiveCfg = Release|iPhone
		{60D40693-20F8-4FA8-8CD8-E491C7A5B384}.Release|x64.Build.0 = Release|iPhone
		{60D40693-20F8-4FA8-8CD8-E491C7A5B384}.Release|x64.Deploy.0 = Release|iPhone
		{60D40693-20F8-4FA8-8CD8-E491C7A5B384}.Release|x86.ActiveCfg = Release|iPhone
		{60D40693-20F8-4FA8-8CD8-E491C7A5B384}.Release|x86.Build.0 = Release|iPhone
		{60D40693-20F8-4FA8-8CD8-E491C7A5B384}.Release|x86.Deploy.0 = Release|iPhone
		{105E7258-503E-4429-883F-CC79E8E0378F}.Debug|Any CPU.ActiveCfg = Debug|Any CPU
		{105E7258-503E-4429-883F-CC79E8E0378F}.Debug|Any CPU.Build.0 = Debug|Any CPU
		{105E7258-503E-4429-883F-CC79E8E0378F}.Debug|Any CPU.Deploy.0 = Debug|Any CPU
		{105E7258-503E-4429-883F-CC79E8E0378F}.Debug|ARM.ActiveCfg = Debug|Any CPU
		{105E7258-503E-4429-883F-CC79E8E0378F}.Debug|ARM.Build.0 = Debug|Any CPU
		{105E7258-503E-4429-883F-CC79E8E0378F}.Debug|ARM.Deploy.0 = Debug|Any CPU
		{105E7258-503E-4429-883F-CC79E8E0378F}.Debug|iPhone.ActiveCfg = Debug|Any CPU
		{105E7258-503E-4429-883F-CC79E8E0378F}.Debug|iPhone.Build.0 = Debug|Any CPU
		{105E7258-503E-4429-883F-CC79E8E0378F}.Debug|iPhone.Deploy.0 = Debug|Any CPU
		{105E7258-503E-4429-883F-CC79E8E0378F}.Debug|iPhoneSimulator.ActiveCfg = Debug|Any CPU
		{105E7258-503E-4429-883F-CC79E8E0378F}.Debug|iPhoneSimulator.Build.0 = Debug|Any CPU
		{105E7258-503E-4429-883F-CC79E8E0378F}.Debug|iPhoneSimulator.Deploy.0 = Debug|Any CPU
		{105E7258-503E-4429-883F-CC79E8E0378F}.Debug|x64.ActiveCfg = Debug|Any CPU
		{105E7258-503E-4429-883F-CC79E8E0378F}.Debug|x64.Build.0 = Debug|Any CPU
		{105E7258-503E-4429-883F-CC79E8E0378F}.Debug|x64.Deploy.0 = Debug|Any CPU
		{105E7258-503E-4429-883F-CC79E8E0378F}.Debug|x86.ActiveCfg = Debug|Any CPU
		{105E7258-503E-4429-883F-CC79E8E0378F}.Debug|x86.Build.0 = Debug|Any CPU
		{105E7258-503E-4429-883F-CC79E8E0378F}.Debug|x86.Deploy.0 = Debug|Any CPU
		{105E7258-503E-4429-883F-CC79E8E0378F}.Release|Any CPU.ActiveCfg = Release|Any CPU
		{105E7258-503E-4429-883F-CC79E8E0378F}.Release|Any CPU.Build.0 = Release|Any CPU
		{105E7258-503E-4429-883F-CC79E8E0378F}.Release|Any CPU.Deploy.0 = Release|Any CPU
		{105E7258-503E-4429-883F-CC79E8E0378F}.Release|ARM.ActiveCfg = Release|Any CPU
		{105E7258-503E-4429-883F-CC79E8E0378F}.Release|ARM.Build.0 = Release|Any CPU
		{105E7258-503E-4429-883F-CC79E8E0378F}.Release|ARM.Deploy.0 = Release|Any CPU
		{105E7258-503E-4429-883F-CC79E8E0378F}.Release|iPhone.ActiveCfg = Release|Any CPU
		{105E7258-503E-4429-883F-CC79E8E0378F}.Release|iPhone.Build.0 = Release|Any CPU
		{105E7258-503E-4429-883F-CC79E8E0378F}.Release|iPhone.Deploy.0 = Release|Any CPU
		{105E7258-503E-4429-883F-CC79E8E0378F}.Release|iPhoneSimulator.ActiveCfg = Release|Any CPU
		{105E7258-503E-4429-883F-CC79E8E0378F}.Release|iPhoneSimulator.Build.0 = Release|Any CPU
		{105E7258-503E-4429-883F-CC79E8E0378F}.Release|iPhoneSimulator.Deploy.0 = Release|Any CPU
		{105E7258-503E-4429-883F-CC79E8E0378F}.Release|x64.ActiveCfg = Release|Any CPU
		{105E7258-503E-4429-883F-CC79E8E0378F}.Release|x64.Build.0 = Release|Any CPU
		{105E7258-503E-4429-883F-CC79E8E0378F}.Release|x64.Deploy.0 = Release|Any CPU
		{105E7258-503E-4429-883F-CC79E8E0378F}.Release|x86.ActiveCfg = Release|Any CPU
		{105E7258-503E-4429-883F-CC79E8E0378F}.Release|x86.Build.0 = Release|Any CPU
		{105E7258-503E-4429-883F-CC79E8E0378F}.Release|x86.Deploy.0 = Release|Any CPU
	EndGlobalSection
	GlobalSection(SolutionProperties) = preSolution
		HideSolutionNode = FALSE
	EndGlobalSection
	GlobalSection(ExtensibilityGlobals) = postSolution
		SolutionGuid = {C0EF193B-31B3-4421-892B-718D5130EB0D}
	EndGlobalSection
EndGlobal
